
Microsoft Visual Studio Solution File, Format Version 12.00
# Visual Studio Version 17
VisualStudioVersion = 17.3.32825.248
MinimumVisualStudioVersion = 10.0.40219.1
Project("{9A19103F-16F7-4668-BE54-9A1E7A4F7556}") = "AccoliteBankTransactionsTests", "AccoliteBankTransactionsTests\AccoliteBankTransactionsTests.csproj", "{1E699D60-20DA-499E-8289-B624181BEA46}"
EndProject
Project("{2150E333-8FDC-42A3-9474-1A3956D46DE8}") = "Solution Items", "Solution Items", "{012846E7-E0D7-41BE-9FC9-4C88EB5734E9}"
EndProject
Project("{FAE04EC0-301F-11D3-BF4B-00C04F79EFBC}") = "BankTransactionApis", "BankTransactionApis\BankTransactionApis.csproj", "{3713D53A-0F71-41E5-BB81-924547C771D2}"
EndProject
Global
	GlobalSection(SolutionConfigurationPlatforms) = preSolution
		Debug|Any CPU = Debug|Any CPU
		Debug|x64 = Debug|x64
		Debug|x86 = Debug|x86
		DEV|Any CPU = DEV|Any CPU
		DEV|x64 = DEV|x64
		DEV|x86 = DEV|x86
		Release|Any CPU = Release|Any CPU
		Release|x64 = Release|x64
		Release|x86 = Release|x86
		TEST|Any CPU = TEST|Any CPU
		TEST|x64 = TEST|x64
		TEST|x86 = TEST|x86
	EndGlobalSection
	GlobalSection(ProjectConfigurationPlatforms) = postSolution
		{1E699D60-20DA-499E-8289-B624181BEA46}.Debug|Any CPU.ActiveCfg = Debug|Any CPU
		{1E699D60-20DA-499E-8289-B624181BEA46}.Debug|Any CPU.Build.0 = Debug|Any CPU
		{1E699D60-20DA-499E-8289-B624181BEA46}.Debug|x64.ActiveCfg = Debug|Any CPU
		{1E699D60-20DA-499E-8289-B624181BEA46}.Debug|x64.Build.0 = Debug|Any CPU
		{1E699D60-20DA-499E-8289-B624181BEA46}.Debug|x86.ActiveCfg = Debug|Any CPU
		{1E699D60-20DA-499E-8289-B624181BEA46}.Debug|x86.Build.0 = Debug|Any CPU
		{1E699D60-20DA-499E-8289-B624181BEA46}.DEV|Any CPU.ActiveCfg = DEV|Any CPU
		{1E699D60-20DA-499E-8289-B624181BEA46}.DEV|Any CPU.Build.0 = DEV|Any CPU
		{1E699D60-20DA-499E-8289-B624181BEA46}.DEV|x64.ActiveCfg = DEV|Any CPU
		{1E699D60-20DA-499E-8289-B624181BEA46}.DEV|x64.Build.0 = DEV|Any CPU
		{1E699D60-20DA-499E-8289-B624181BEA46}.DEV|x86.ActiveCfg = DEV|Any CPU
		{1E699D60-20DA-499E-8289-B624181BEA46}.DEV|x86.Build.0 = DEV|Any CPU
		{1E699D60-20DA-499E-8289-B624181BEA46}.Release|Any CPU.ActiveCfg = Release|Any CPU
		{1E699D60-20DA-499E-8289-B624181BEA46}.Release|Any CPU.Build.0 = Release|Any CPU
		{1E699D60-20DA-499E-8289-B624181BEA46}.Release|x64.ActiveCfg = Release|Any CPU
		{1E699D60-20DA-499E-8289-B624181BEA46}.Release|x64.Build.0 = Release|Any CPU
		{1E699D60-20DA-499E-8289-B624181BEA46}.Release|x86.ActiveCfg = Release|Any CPU
		{1E699D60-20DA-499E-8289-B624181BEA46}.Release|x86.Build.0 = Release|Any CPU
		{1E699D60-20DA-499E-8289-B624181BEA46}.TEST|Any CPU.ActiveCfg = TEST|Any CPU
		{1E699D60-20DA-499E-8289-B624181BEA46}.TEST|Any CPU.Build.0 = TEST|Any CPU
		{1E699D60-20DA-499E-8289-B624181BEA46}.TEST|x64.ActiveCfg = TEST|Any CPU
		{1E699D60-20DA-499E-8289-B624181BEA46}.TEST|x64.Build.0 = TEST|Any CPU
		{1E699D60-20DA-499E-8289-B624181BEA46}.TEST|x86.ActiveCfg = TEST|Any CPU
		{1E699D60-20DA-499E-8289-B624181BEA46}.TEST|x86.Build.0 = TEST|Any CPU
		{3713D53A-0F71-41E5-BB81-924547C771D2}.Debug|Any CPU.ActiveCfg = Debug|Any CPU
		{3713D53A-0F71-41E5-BB81-924547C771D2}.Debug|Any CPU.Build.0 = Debug|Any CPU
		{3713D53A-0F71-41E5-BB81-924547C771D2}.Debug|x64.ActiveCfg = Debug|Any CPU
		{3713D53A-0F71-41E5-BB81-924547C771D2}.Debug|x64.Build.0 = Debug|Any CPU
		{3713D53A-0F71-41E5-BB81-924547C771D2}.Debug|x86.ActiveCfg = Debug|Any CPU
		{3713D53A-0F71-41E5-BB81-924547C771D2}.Debug|x86.Build.0 = Debug|Any CPU
		{3713D53A-0F71-41E5-BB81-924547C771D2}.DEV|Any CPU.ActiveCfg = Debug|Any CPU
		{3713D53A-0F71-41E5-BB81-924547C771D2}.DEV|Any CPU.Build.0 = Debug|Any CPU
		{3713D53A-0F71-41E5-BB81-924547C771D2}.DEV|x64.ActiveCfg = Debug|Any CPU
		{3713D53A-0F71-41E5-BB81-924547C771D2}.DEV|x64.Build.0 = Debug|Any CPU
		{3713D53A-0F71-41E5-BB81-924547C771D2}.DEV|x86.ActiveCfg = Debug|Any CPU
		{3713D53A-0F71-41E5-BB81-924547C771D2}.DEV|x86.Build.0 = Debug|Any CPU
		{3713D53A-0F71-41E5-BB81-924547C771D2}.Release|Any CPU.ActiveCfg = Release|Any CPU
		{3713D53A-0F71-41E5-BB81-924547C771D2}.Release|Any CPU.Build.0 = Release|Any CPU
		{3713D53A-0F71-41E5-BB81-924547C771D2}.Release|x64.ActiveCfg = Release|Any CPU
		{3713D53A-0F71-41E5-BB81-924547C771D2}.Release|x64.Build.0 = Release|Any CPU
		{3713D53A-0F71-41E5-BB81-924547C771D2}.Release|x86.ActiveCfg = Release|Any CPU
		{3713D53A-0F71-41E5-BB81-924547C771D2}.Release|x86.Build.0 = Release|Any CPU
		{3713D53A-0F71-41E5-BB81-924547C771D2}.TEST|Any CPU.ActiveCfg = Debug|Any CPU
		{3713D53A-0F71-41E5-BB81-924547C771D2}.TEST|Any CPU.Build.0 = Debug|Any CPU
		{3713D53A-0F71-41E5-BB81-924547C771D2}.TEST|x64.ActiveCfg = Debug|Any CPU
		{3713D53A-0F71-41E5-BB81-924547C771D2}.TEST|x64.Build.0 = Debug|Any CPU
		{3713D53A-0F71-41E5-BB81-924547C771D2}.TEST|x86.ActiveCfg = Debug|Any CPU
		{3713D53A-0F71-41E5-BB81-924547C771D2}.TEST|x86.Build.0 = Debug|Any CPU
	EndGlobalSection
	GlobalSection(SolutionProperties) = preSolution
		HideSolutionNode = FALSE
	EndGlobalSection
	GlobalSection(ExtensibilityGlobals) = postSolution
		SolutionGuid = {755AFC44-71F2-4A70-992D-449B26969A5A}
	EndGlobalSection
EndGlobal
